github.com/brettbuddin/musictheory v0.0.14 h1:j4Fn1ifg5ax/caYWQOuQx82zWNH6KE8/Hshvl8HQXx8=
github.com/brettbuddin/musictheory v0.0.14/go.mod h1:rrPjCLA8J3kNpnhCtDqQTwRu9LtCi5L2YpMmgF9QfqA=
github.com/eiannone/keyboard v0.0.0-20200508000154-caf4b762e807 h1:jdjd5e68T4R/j4PWxfZqcKY8KtT9oo8IPNVuV4bSXDQ=
github.com/eiannone/keyboard v0.0.0-20200508000154-caf4b762e807/go.mod h1:Xoiu5VdKMvbRgHuY7+z64lhu/7lvax/22nzASF6GrO8=
github.com/juozasg/portmidi v0.0.0-20210803101757-a5d0aea3153e h1:PiUbjIWYwH4QQ1CCLChL6AQufLDjyZmxhwRJbu+nPno=
github.com/juozasg/portmidi v0.0.0-20210803101757-a5d0aea3153e/go.mod h1:WinS1xhuCsd/gR6cR4hQzHP1mU3+DAGVcCSjYmvJvfM=
golang.org/x/sys v0.0.0-20210630005230-0f9fa26af87c h1:F1jZWGFhYfh0Ci55sIpILtKKK8p3i2/krTr0H1rg74I=
golang.org/x/sys v0.0.0-20210630005230-0f9fa26af87c/go.mod h1:oPkhp1MJrh7nUepCBck5+mAzfO9JrbApNNgaTdGDITg=
